
Microsoft Visual Studio Solution File, Format Version 12.00
# Visual Studio Version 17
VisualStudioVersion = 17.9.34622.214
MinimumVisualStudioVersion = 10.0.40219.1
Project("{FAE04EC0-301F-11D3-BF4B-00C04F79EFBC}") = "Arrray", "Arrray\Arrray.csproj", "{B964110F-B5BA-4872-B479-E565D4D9A504}"
EndProject
Global
	GlobalSection(SolutionConfigurationPlatforms) = preSolution
		Debug|Any CPU = Debug|Any CPU
		Release|Any CPU = Release|Any CPU
	EndGlobalSection
	GlobalSection(ProjectConfigurationPlatforms) = postSolution
		{B964110F-B5BA-4872-B479-E565D4D9A504}.Debug|Any CPU.ActiveCfg = Debug|Any CPU
		{B964110F-B5BA-4872-B479-E565D4D9A504}.Debug|Any CPU.Build.0 = Debug|Any CPU
		{B964110F-B5BA-4872-B479-E565D4D9A504}.Release|Any CPU.ActiveCfg = Release|Any CPU
		{B964110F-B5BA-4872-B479-E565D4D9A504}.Release|Any CPU.Build.0 = Release|Any CPU
	EndGlobalSection
	GlobalSection(SolutionProperties) = preSolution
		HideSolutionNode = FALSE
	EndGlobalSection
	GlobalSection(ExtensibilityGlobals) = postSolution
		SolutionGuid = {DB87315C-BE53-4953-A901-3D3E96C66139}
	EndGlobalSection
EndGlobal
